
Microsoft Visual Studio Solution File, Format Version 12.00
# Visual Studio Version 17
VisualStudioVersion = 17.0.31903.59
MinimumVisualStudioVersion = 10.0.40219.1
Project("{2150E333-8FDC-42A3-9474-1A3956D46DE8}") = "src", "src", "{EB16EEE5-B16F-43F5-93E5-C48CEAB1DD19}"
EndProject
Project("{2150E333-8FDC-42A3-9474-1A3956D46DE8}") = "Domain", "Domain", "{8B358FD9-6066-45B3-84AC-66647CCA2239}"
EndProject
Project("{2150E333-8FDC-42A3-9474-1A3956D46DE8}") = "Application", "Application", "{F58647D9-EDB4-4EDE-A31D-115E59E975BD}"
EndProject
Project("{2150E333-8FDC-42A3-9474-1A3956D46DE8}") = "Web", "Web", "{0E27A8A6-440D-4EE9-A632-FB72C2CACCAA}"
EndProject
Project("{2150E333-8FDC-42A3-9474-1A3956D46DE8}") = "Infrastructure", "Infrastructure", "{944BF75E-9756-4FAF-9411-3B901F5DBCC7}"
EndProject
Project("{2150E333-8FDC-42A3-9474-1A3956D46DE8}") = "Persistence", "Persistence", "{BCC78B0A-88AA-42C1-962C-B28F6D26940D}"
EndProject
Project("{2150E333-8FDC-42A3-9474-1A3956D46DE8}") = "Contracts", "Contracts", "{D23877D7-B641-445B-B500-95312E23CC85}"
EndProject
Project("{2150E333-8FDC-42A3-9474-1A3956D46DE8}") = "SharedKernel", "SharedKernel", "{A83E69CB-E9F6-49FA-A046-43B18AF53D12}"
EndProject
Project("{FAE04EC0-301F-11D3-BF4B-00C04F79EFBC}") = "SolarLab.AdvertBoard.Application", "src\Application\SolarLab.AdvertBoard.Application\SolarLab.AdvertBoard.Application.csproj", "{A1ABD5C0-B9C1-4B03-8051-F48F5150A85A}"
EndProject
Project("{FAE04EC0-301F-11D3-BF4B-00C04F79EFBC}") = "SolarLab.AdvertBoard.Contracts", "src\Contracts\SolarLab.AdvertBoard.Contracts\SolarLab.AdvertBoard.Contracts.csproj", "{4D485C18-2106-41B5-92E2-EE89597B1ACA}"
EndProject
Project("{FAE04EC0-301F-11D3-BF4B-00C04F79EFBC}") = "SolarLab.AdvertBoard.Domain", "src\Domain\SolarLab.AdvertBoard.Domain\SolarLab.AdvertBoard.Domain.csproj", "{BFC7705B-7791-41C9-A866-C03E51B47ABF}"
	ProjectSection(ProjectDependencies) = postProject
		{068A5A6C-B872-49E5-BAC0-D162D8994A0F} = {068A5A6C-B872-49E5-BAC0-D162D8994A0F}
	EndProjectSection
EndProject
Project("{FAE04EC0-301F-11D3-BF4B-00C04F79EFBC}") = "SolarLab.AdvertBoard.Infrastructure", "src\Infrastructure\SolarLab.AdvertBoard.Infrastructure\SolarLab.AdvertBoard.Infrastructure.csproj", "{328B77A0-53BA-4430-A80D-8B6B306438D3}"
EndProject
Project("{FAE04EC0-301F-11D3-BF4B-00C04F79EFBC}") = "SolarLab.AdvertBoard.Persistence", "src\Persistence\SolarLab.AdvertBoard.Persistence\SolarLab.AdvertBoard.Persistence.csproj", "{42FC83D2-54A7-4C06-BDE1-B5989CB7FAC2}"
EndProject
Project("{FAE04EC0-301F-11D3-BF4B-00C04F79EFBC}") = "SolarLab.AdvertBoard.SharedKernel", "src\SharedKernel\SolarLab.AdvertBoard.SharedKernel\SolarLab.AdvertBoard.SharedKernel.csproj", "{068A5A6C-B872-49E5-BAC0-D162D8994A0F}"
EndProject
Project("{FAE04EC0-301F-11D3-BF4B-00C04F79EFBC}") = "SolarLab.AdvertBoard.Api", "src\Web\SolarLab.AdvertBoard.Api\SolarLab.AdvertBoard.Api.csproj", "{F949DEBD-2E15-4309-961E-2E2E6E593584}"
EndProject
Global
	GlobalSection(SolutionConfigurationPlatforms) = preSolution
		Debug|Any CPU = Debug|Any CPU
		Release|Any CPU = Release|Any CPU
	EndGlobalSection
	GlobalSection(ProjectConfigurationPlatforms) = postSolution
		{A1ABD5C0-B9C1-4B03-8051-F48F5150A85A}.Debug|Any CPU.ActiveCfg = Debug|Any CPU
		{A1ABD5C0-B9C1-4B03-8051-F48F5150A85A}.Debug|Any CPU.Build.0 = Debug|Any CPU
		{A1ABD5C0-B9C1-4B03-8051-F48F5150A85A}.Release|Any CPU.ActiveCfg = Release|Any CPU
		{A1ABD5C0-B9C1-4B03-8051-F48F5150A85A}.Release|Any CPU.Build.0 = Release|Any CPU
		{4D485C18-2106-41B5-92E2-EE89597B1ACA}.Debug|Any CPU.ActiveCfg = Debug|Any CPU
		{4D485C18-2106-41B5-92E2-EE89597B1ACA}.Debug|Any CPU.Build.0 = Debug|Any CPU
		{4D485C18-2106-41B5-92E2-EE89597B1ACA}.Release|Any CPU.ActiveCfg = Release|Any CPU
		{4D485C18-2106-41B5-92E2-EE89597B1ACA}.Release|Any CPU.Build.0 = Release|Any CPU
		{BFC7705B-7791-41C9-A866-C03E51B47ABF}.Debug|Any CPU.ActiveCfg = Debug|Any CPU
		{BFC7705B-7791-41C9-A866-C03E51B47ABF}.Debug|Any CPU.Build.0 = Debug|Any CPU
		{BFC7705B-7791-41C9-A866-C03E51B47ABF}.Release|Any CPU.ActiveCfg = Release|Any CPU
		{BFC7705B-7791-41C9-A866-C03E51B47ABF}.Release|Any CPU.Build.0 = Release|Any CPU
		{328B77A0-53BA-4430-A80D-8B6B306438D3}.Debug|Any CPU.ActiveCfg = Debug|Any CPU
		{328B77A0-53BA-4430-A80D-8B6B306438D3}.Debug|Any CPU.Build.0 = Debug|Any CPU
		{328B77A0-53BA-4430-A80D-8B6B306438D3}.Release|Any CPU.ActiveCfg = Release|Any CPU
		{328B77A0-53BA-4430-A80D-8B6B306438D3}.Release|Any CPU.Build.0 = Release|Any CPU
		{42FC83D2-54A7-4C06-BDE1-B5989CB7FAC2}.Debug|Any CPU.ActiveCfg = Debug|Any CPU
		{42FC83D2-54A7-4C06-BDE1-B5989CB7FAC2}.Debug|Any CPU.Build.0 = Debug|Any CPU
		{42FC83D2-54A7-4C06-BDE1-B5989CB7FAC2}.Release|Any CPU.ActiveCfg = Release|Any CPU
		{42FC83D2-54A7-4C06-BDE1-B5989CB7FAC2}.Release|Any CPU.Build.0 = Release|Any CPU
		{068A5A6C-B872-49E5-BAC0-D162D8994A0F}.Debug|Any CPU.ActiveCfg = Debug|Any CPU
		{068A5A6C-B872-49E5-BAC0-D162D8994A0F}.Debug|Any CPU.Build.0 = Debug|Any CPU
		{068A5A6C-B872-49E5-BAC0-D162D8994A0F}.Release|Any CPU.ActiveCfg = Release|Any CPU
		{068A5A6C-B872-49E5-BAC0-D162D8994A0F}.Release|Any CPU.Build.0 = Release|Any CPU
		{F949DEBD-2E15-4309-961E-2E2E6E593584}.Debug|Any CPU.ActiveCfg = Debug|Any CPU
		{F949DEBD-2E15-4309-961E-2E2E6E593584}.Debug|Any CPU.Build.0 = Debug|Any CPU
		{F949DEBD-2E15-4309-961E-2E2E6E593584}.Release|Any CPU.ActiveCfg = Release|Any CPU
		{F949DEBD-2E15-4309-961E-2E2E6E593584}.Release|Any CPU.Build.0 = Release|Any CPU
	EndGlobalSection
	GlobalSection(SolutionProperties) = preSolution
		HideSolutionNode = FALSE
	EndGlobalSection
	GlobalSection(NestedProjects) = preSolution
		{8B358FD9-6066-45B3-84AC-66647CCA2239} = {EB16EEE5-B16F-43F5-93E5-C48CEAB1DD19}
		{F58647D9-EDB4-4EDE-A31D-115E59E975BD} = {EB16EEE5-B16F-43F5-93E5-C48CEAB1DD19}
		{0E27A8A6-440D-4EE9-A632-FB72C2CACCAA} = {EB16EEE5-B16F-43F5-93E5-C48CEAB1DD19}
		{944BF75E-9756-4FAF-9411-3B901F5DBCC7} = {EB16EEE5-B16F-43F5-93E5-C48CEAB1DD19}
		{BCC78B0A-88AA-42C1-962C-B28F6D26940D} = {EB16EEE5-B16F-43F5-93E5-C48CEAB1DD19}
		{D23877D7-B641-445B-B500-95312E23CC85} = {EB16EEE5-B16F-43F5-93E5-C48CEAB1DD19}
		{A83E69CB-E9F6-49FA-A046-43B18AF53D12} = {EB16EEE5-B16F-43F5-93E5-C48CEAB1DD19}
		{A1ABD5C0-B9C1-4B03-8051-F48F5150A85A} = {F58647D9-EDB4-4EDE-A31D-115E59E975BD}
		{4D485C18-2106-41B5-92E2-EE89597B1ACA} = {D23877D7-B641-445B-B500-95312E23CC85}
		{BFC7705B-7791-41C9-A866-C03E51B47ABF} = {8B358FD9-6066-45B3-84AC-66647CCA2239}
		{328B77A0-53BA-4430-A80D-8B6B306438D3} = {944BF75E-9756-4FAF-9411-3B901F5DBCC7}
		{42FC83D2-54A7-4C06-BDE1-B5989CB7FAC2} = {BCC78B0A-88AA-42C1-962C-B28F6D26940D}
		{068A5A6C-B872-49E5-BAC0-D162D8994A0F} = {A83E69CB-E9F6-49FA-A046-43B18AF53D12}
		{F949DEBD-2E15-4309-961E-2E2E6E593584} = {0E27A8A6-440D-4EE9-A632-FB72C2CACCAA}
	EndGlobalSection
	GlobalSection(ExtensibilityGlobals) = postSolution
		SolutionGuid = {27190DEF-5CDD-4495-BA11-BD0EBC8D1B82}
	EndGlobalSection
EndGlobal
